
Microsoft Visual Studio Solution File, Format Version 12.00
# Visual Studio Version 17
VisualStudioVersion = 17.4.33213.308
MinimumVisualStudioVersion = 10.0.40219.1
Project("{FAE04EC0-301F-11D3-BF4B-00C04F79EFBC}") = "WebApi", "WebApi\WebApi.csproj", "{710B3442-2E91-4C66-90A9-5B0D7CD1EB42}"
EndProject
Global
	GlobalSection(SolutionConfigurationPlatforms) = preSolution
		Debug|Any CPU = Debug|Any CPU
		Release|Any CPU = Release|Any CPU
	EndGlobalSection
	GlobalSection(ProjectConfigurationPlatforms) = postSolution
		{710B3442-2E91-4C66-90A9-5B0D7CD1EB42}.Debug|Any CPU.ActiveCfg = Debug|Any CPU
		{710B3442-2E91-4C66-90A9-5B0D7CD1EB42}.Debug|Any CPU.Build.0 = Debug|Any CPU
		{710B3442-2E91-4C66-90A9-5B0D7CD1EB42}.Release|Any CPU.ActiveCfg = Release|Any CPU
		{710B3442-2E91-4C66-90A9-5B0D7CD1EB42}.Release|Any CPU.Build.0 = Release|Any CPU
	EndGlobalSection
	GlobalSection(SolutionProperties) = preSolution
		HideSolutionNode = FALSE
	EndGlobalSection
	GlobalSection(ExtensibilityGlobals) = postSolution
		SolutionGuid = {E116F9EC-3FE8-4310-A0F3-6C17A7F60999}
	EndGlobalSection
EndGlobal
